
Microsoft Visual Studio Solution File, Format Version 12.00
# Visual Studio 2013
VisualStudioVersion = 12.0.21005.1
MinimumVisualStudioVersion = 10.0.40219.1
Project("{FAE04EC0-301F-11D3-BF4B-00C04F79EFBC}") = "UPC.SISGFRAN.WS", "UPC.SISGFRAN.WS\UPC.SISGFRAN.WS.csproj", "{D14A4F81-C29E-40AA-9CC5-86E266D45E62}"
EndProject
Project("{2150E333-8FDC-42A3-9474-1A3956D46DE8}") = "Negocio", "Negocio", "{9A600092-B7E7-4815-859A-F33D0E393A18}"
EndProject
Project("{2150E333-8FDC-42A3-9474-1A3956D46DE8}") = "Web", "Web", "{361F8871-96D7-44C1-80B5-7010341A6364}"
EndProject
Project("{FAE04EC0-301F-11D3-BF4B-00C04F79EFBC}") = "UPC.SISGFRAN.Web", "UPC.SISGFRAN.Web\UPC.SISGFRAN.Web.csproj", "{D2EBFBEE-42EA-4503-82E1-D6497681CDAD}"
EndProject
Global
	GlobalSection(SolutionConfigurationPlatforms) = preSolution
		Debug|Any CPU = Debug|Any CPU
		Release|Any CPU = Release|Any CPU
	EndGlobalSection
	GlobalSection(ProjectConfigurationPlatforms) = postSolution
		{D14A4F81-C29E-40AA-9CC5-86E266D45E62}.Debug|Any CPU.ActiveCfg = Debug|Any CPU
		{D14A4F81-C29E-40AA-9CC5-86E266D45E62}.Debug|Any CPU.Build.0 = Debug|Any CPU
		{D14A4F81-C29E-40AA-9CC5-86E266D45E62}.Release|Any CPU.ActiveCfg = Release|Any CPU
		{D14A4F81-C29E-40AA-9CC5-86E266D45E62}.Release|Any CPU.Build.0 = Release|Any CPU
		{D2EBFBEE-42EA-4503-82E1-D6497681CDAD}.Debug|Any CPU.ActiveCfg = Debug|Any CPU
		{D2EBFBEE-42EA-4503-82E1-D6497681CDAD}.Debug|Any CPU.Build.0 = Debug|Any CPU
		{D2EBFBEE-42EA-4503-82E1-D6497681CDAD}.Release|Any CPU.ActiveCfg = Release|Any CPU
		{D2EBFBEE-42EA-4503-82E1-D6497681CDAD}.Release|Any CPU.Build.0 = Release|Any CPU
	EndGlobalSection
	GlobalSection(SolutionProperties) = preSolution
		HideSolutionNode = FALSE
	EndGlobalSection
	GlobalSection(NestedProjects) = preSolution
		{D14A4F81-C29E-40AA-9CC5-86E266D45E62} = {9A600092-B7E7-4815-859A-F33D0E393A18}
		{D2EBFBEE-42EA-4503-82E1-D6497681CDAD} = {361F8871-96D7-44C1-80B5-7010341A6364}
	EndGlobalSection
EndGlobal
